// !$*UTF8*$!
{
	archiveVersion = 1;
	classes = {
	};
	objectVersion = 46;
	objects = {

/* Begin PBXBuildFile section */
		465670C523DF9A1F0045C64F /* RNPhotoEditor.podspec in Resources */ = {isa = PBXBuildFile; fileRef = 465670C423DF9A1F0045C64F /* RNPhotoEditor.podspec */; };
		465670E923E055260045C64F /* CropRectView.swift in Sources */ = {isa = PBXBuildFile; fileRef = 465670DE23E055260045C64F /* CropRectView.swift */; };
		465670EA23E055260045C64F /* CropView.swift in Sources */ = {isa = PBXBuildFile; fileRef = 465670DF23E055260045C64F /* CropView.swift */; };
		465670EB23E055260045C64F /* Protocols.swift in Sources */ = {isa = PBXBuildFile; fileRef = 465670E023E055260045C64F /* Protocols.swift */; };
		465670EC23E055260045C64F /* UIImageView+Alpha.swift in Sources */ = {isa = PBXBuildFile; fileRef = 465670E123E055260045C64F /* UIImageView+Alpha.swift */; };
		465670ED23E055260045C64F /* UIImage+Crop.swift in Sources */ = {isa = PBXBuildFile; fileRef = 465670E223E055260045C64F /* UIImage+Crop.swift */; };
		465670EE23E055260045C64F /* UIView+Image.swift in Sources */ = {isa = PBXBuildFile; fileRef = 465670E323E055260045C64F /* UIView+Image.swift */; };
		465670EF23E055260045C64F /* ColorsCollectionViewDelegate.swift in Sources */ = {isa = PBXBuildFile; fileRef = 465670E423E055260045C64F /* ColorsCollectionViewDelegate.swift */; };
		465670F023E055260045C64F /* ResizeControl.swift in Sources */ = {isa = PBXBuildFile; fileRef = 465670E523E055260045C64F /* ResizeControl.swift */; };
		465670F123E055260045C64F /* UIImage+Size.swift in Sources */ = {isa = PBXBuildFile; fileRef = 465670E623E055260045C64F /* UIImage+Size.swift */; };
		465670F223E055260045C64F /* CropViewController.swift in Sources */ = {isa = PBXBuildFile; fileRef = 465670E723E055260045C64F /* CropViewController.swift */; };
		465670F323E055260045C64F /* ColorCollectionViewCell.swift in Sources */ = {isa = PBXBuildFile; fileRef = 465670E823E055260045C64F /* ColorCollectionViewCell.swift */; };
		465670F923E056970045C64F /* RNPhotoEditor.m in Sources */ = {isa = PBXBuildFile; fileRef = 465670F823E056970045C64F /* RNPhotoEditor.m */; };
		465670FB23E058430045C64F /* PhotoEditorViewController.swift in Sources */ = {isa = PBXBuildFile; fileRef = 465670FA23E058430045C64F /* PhotoEditorViewController.swift */; };
		465670FD23E058570045C64F /* StickerCollectionViewCell.swift in Sources */ = {isa = PBXBuildFile; fileRef = 465670FC23E058570045C64F /* StickerCollectionViewCell.swift */; };
		465670FF23E0586E0045C64F /* StickersViewController.swift in Sources */ = {isa = PBXBuildFile; fileRef = 465670FE23E0586E0045C64F /* StickersViewController.swift */; };
		4656710823E058890045C64F /* PhotoEditor+StickersViewController.swift in Sources */ = {isa = PBXBuildFile; fileRef = 4656710023E058880045C64F /* PhotoEditor+StickersViewController.swift */; };
		4656710923E058890045C64F /* PhotoEditor+Drawing.swift in Sources */ = {isa = PBXBuildFile; fileRef = 4656710123E058880045C64F /* PhotoEditor+Drawing.swift */; };
		4656710A23E058890045C64F /* PhotoEditor+Controls.swift in Sources */ = {isa = PBXBuildFile; fileRef = 4656710223E058880045C64F /* PhotoEditor+Controls.swift */; };
		4656710B23E058890045C64F /* PhotoEditor+Keyboard.swift in Sources */ = {isa = PBXBuildFile; fileRef = 4656710323E058880045C64F /* PhotoEditor+Keyboard.swift */; };
		4656710C23E058890045C64F /* PhotoEditor+UITextView.swift in Sources */ = {isa = PBXBuildFile; fileRef = 4656710423E058890045C64F /* PhotoEditor+UITextView.swift */; };
		4656710D23E058890045C64F /* PhotoEditor+Font.swift in Sources */ = {isa = PBXBuildFile; fileRef = 4656710523E058890045C64F /* PhotoEditor+Font.swift */; };
		4656710E23E058890045C64F /* PhotoEditor+Crop.swift in Sources */ = {isa = PBXBuildFile; fileRef = 4656710623E058890045C64F /* PhotoEditor+Crop.swift */; };
		4656710F23E058890045C64F /* PhotoEditor+Gestures.swift in Sources */ = {isa = PBXBuildFile; fileRef = 4656710723E058890045C64F /* PhotoEditor+Gestures.swift */; };
		4656711223E0589E0045C64F /* EmojisCollectionViewDelegate.swift in Sources */ = {isa = PBXBuildFile; fileRef = 4656711023E0589E0045C64F /* EmojisCollectionViewDelegate.swift */; };
		4656711323E0589E0045C64F /* EmojiCollectionViewCell.swift in Sources */ = {isa = PBXBuildFile; fileRef = 4656711123E0589E0045C64F /* EmojiCollectionViewCell.swift */; };
		4656711523E061C30045C64F /* icomoon.ttf in Resources */ = {isa = PBXBuildFile; fileRef = 4656711423E061C30045C64F /* icomoon.ttf */; };
		4656711723E064CC0045C64F /* ColorCollectionViewCell.xib in Resources */ = {isa = PBXBuildFile; fileRef = 4656711623E064CC0045C64F /* ColorCollectionViewCell.xib */; };
		4656711923E064D50045C64F /* EmojiCollectionViewCell.xib in Resources */ = {isa = PBXBuildFile; fileRef = 4656711823E064D50045C64F /* EmojiCollectionViewCell.xib */; };
		4656711B23E064EA0045C64F /* PhotoEditorViewController.xib in Resources */ = {isa = PBXBuildFile; fileRef = 4656711A23E064EA0045C64F /* PhotoEditorViewController.xib */; };
		4656711D23E064F40045C64F /* StickerCollectionViewCell.xib in Resources */ = {isa = PBXBuildFile; fileRef = 4656711C23E064F40045C64F /* StickerCollectionViewCell.xib */; };
		4656711F23E064F80045C64F /* StickersViewController.xib in Resources */ = {isa = PBXBuildFile; fileRef = 4656711E23E064F80045C64F /* StickersViewController.xib */; };
		4656712123E06A560045C64F /* GradientView.swift in Sources */ = {isa = PBXBuildFile; fileRef = 4656712023E06A560045C64F /* GradientView.swift */; };
		4656712523E06A670045C64F /* PhotoCropEditorBorder@2x.png in Resources */ = {isa = PBXBuildFile; fileRef = 4656712223E06A670045C64F /* PhotoCropEditorBorder@2x.png */; };
		4656712623E06A670045C64F /* PhotoCropEditorBorder@3x.png in Resources */ = {isa = PBXBuildFile; fileRef = 4656712323E06A670045C64F /* PhotoCropEditorBorder@3x.png */; };
		4656712723E06A670045C64F /* PhotoCropEditorBorder.png in Resources */ = {isa = PBXBuildFile; fileRef = 4656712423E06A670045C64F /* PhotoCropEditorBorder.png */; };
		AD5BDC1D1CEAE40100EE519F /* RNPhotoEditor.h in Headers */ = {isa = PBXBuildFile; fileRef = AD5BDC1C1CEAE40100EE519F /* RNPhotoEditor.h */; settings = {ATTRIBUTES = (Public, ); }; };
/* End PBXBuildFile section */

/* Begin PBXFileReference section */
		465670C423DF9A1F0045C64F /* RNPhotoEditor.podspec */ = {isa = PBXFileReference; fileEncoding = 4; lastKnownFileType = text; path = RNPhotoEditor.podspec; sourceTree = "<group>"; };
		465670DE23E055260045C64F /* CropRectView.swift */ = {isa = PBXFileReference; fileEncoding = 4; lastKnownFileType = sourcecode.swift; path = CropRectView.swift; sourceTree = "<group>"; };
		465670DF23E055260045C64F /* CropView.swift */ = {isa = PBXFileReference; fileEncoding = 4; lastKnownFileType = sourcecode.swift; path = CropView.swift; sourceTree = "<group>"; };
		465670E023E055260045C64F /* Protocols.swift */ = {isa = PBXFileReference; fileEncoding = 4; lastKnownFileType = sourcecode.swift; path = Protocols.swift; sourceTree = "<group>"; };
		465670E123E055260045C64F /* UIImageView+Alpha.swift */ = {isa = PBXFileReference; fileEncoding = 4; lastKnownFileType = sourcecode.swift; path = "UIImageView+Alpha.swift"; sourceTree = "<group>"; };
		465670E223E055260045C64F /* UIImage+Crop.swift */ = {isa = PBXFileReference; fileEncoding = 4; lastKnownFileType = sourcecode.swift; path = "UIImage+Crop.swift"; sourceTree = "<group>"; };
		465670E323E055260045C64F /* UIView+Image.swift */ = {isa = PBXFileReference; fileEncoding = 4; lastKnownFileType = sourcecode.swift; path = "UIView+Image.swift"; sourceTree = "<group>"; };
		465670E423E055260045C64F /* ColorsCollectionViewDelegate.swift */ = {isa = PBXFileReference; fileEncoding = 4; lastKnownFileType = sourcecode.swift; path = ColorsCollectionViewDelegate.swift; sourceTree = "<group>"; };
		465670E523E055260045C64F /* ResizeControl.swift */ = {isa = PBXFileReference; fileEncoding = 4; lastKnownFileType = sourcecode.swift; path = ResizeControl.swift; sourceTree = "<group>"; };
		465670E623E055260045C64F /* UIImage+Size.swift */ = {isa = PBXFileReference; fileEncoding = 4; lastKnownFileType = sourcecode.swift; path = "UIImage+Size.swift"; sourceTree = "<group>"; };
		465670E723E055260045C64F /* CropViewController.swift */ = {isa = PBXFileReference; fileEncoding = 4; lastKnownFileType = sourcecode.swift; path = CropViewController.swift; sourceTree = "<group>"; };
		465670E823E055260045C64F /* ColorCollectionViewCell.swift */ = {isa = PBXFileReference; fileEncoding = 4; lastKnownFileType = sourcecode.swift; path = ColorCollectionViewCell.swift; sourceTree = "<group>"; };
		465670F823E056970045C64F /* RNPhotoEditor.m */ = {isa = PBXFileReference; lastKnownFileType = sourcecode.c.objc; path = RNPhotoEditor.m; sourceTree = "<group>"; };
		465670FA23E058430045C64F /* PhotoEditorViewController.swift */ = {isa = PBXFileReference; fileEncoding = 4; lastKnownFileType = sourcecode.swift; path = PhotoEditorViewController.swift; sourceTree = "<group>"; };
		465670FC23E058570045C64F /* StickerCollectionViewCell.swift */ = {isa = PBXFileReference; fileEncoding = 4; lastKnownFileType = sourcecode.swift; path = StickerCollectionViewCell.swift; sourceTree = "<group>"; };
		465670FE23E0586E0045C64F /* StickersViewController.swift */ = {isa = PBXFileReference; fileEncoding = 4; lastKnownFileType = sourcecode.swift; path = StickersViewController.swift; sourceTree = "<group>"; };
		4656710023E058880045C64F /* PhotoEditor+StickersViewController.swift */ = {isa = PBXFileReference; fileEncoding = 4; lastKnownFileType = sourcecode.swift; path = "PhotoEditor+StickersViewController.swift"; sourceTree = "<group>"; };
		4656710123E058880045C64F /* PhotoEditor+Drawing.swift */ = {isa = PBXFileReference; fileEncoding = 4; lastKnownFileType = sourcecode.swift; path = "PhotoEditor+Drawing.swift"; sourceTree = "<group>"; };
		4656710223E058880045C64F /* PhotoEditor+Controls.swift */ = {isa = PBXFileReference; fileEncoding = 4; lastKnownFileType = sourcecode.swift; path = "PhotoEditor+Controls.swift"; sourceTree = "<group>"; };
		4656710323E058880045C64F /* PhotoEditor+Keyboard.swift */ = {isa = PBXFileReference; fileEncoding = 4; lastKnownFileType = sourcecode.swift; path = "PhotoEditor+Keyboard.swift"; sourceTree = "<group>"; };
		4656710423E058890045C64F /* PhotoEditor+UITextView.swift */ = {isa = PBXFileReference; fileEncoding = 4; lastKnownFileType = sourcecode.swift; path = "PhotoEditor+UITextView.swift"; sourceTree = "<group>"; };
		4656710523E058890045C64F /* PhotoEditor+Font.swift */ = {isa = PBXFileReference; fileEncoding = 4; lastKnownFileType = sourcecode.swift; path = "PhotoEditor+Font.swift"; sourceTree = "<group>"; };
		4656710623E058890045C64F /* PhotoEditor+Crop.swift */ = {isa = PBXFileReference; fileEncoding = 4; lastKnownFileType = sourcecode.swift; path = "PhotoEditor+Crop.swift"; sourceTree = "<group>"; };
		4656710723E058890045C64F /* PhotoEditor+Gestures.swift */ = {isa = PBXFileReference; fileEncoding = 4; lastKnownFileType = sourcecode.swift; path = "PhotoEditor+Gestures.swift"; sourceTree = "<group>"; };
		4656711023E0589E0045C64F /* EmojisCollectionViewDelegate.swift */ = {isa = PBXFileReference; fileEncoding = 4; lastKnownFileType = sourcecode.swift; path = EmojisCollectionViewDelegate.swift; sourceTree = "<group>"; };
		4656711123E0589E0045C64F /* EmojiCollectionViewCell.swift */ = {isa = PBXFileReference; fileEncoding = 4; lastKnownFileType = sourcecode.swift; path = EmojiCollectionViewCell.swift; sourceTree = "<group>"; };
		4656711423E061C30045C64F /* icomoon.ttf */ = {isa = PBXFileReference; lastKnownFileType = file; path = icomoon.ttf; sourceTree = "<group>"; };
		4656711623E064CC0045C64F /* ColorCollectionViewCell.xib */ = {isa = PBXFileReference; fileEncoding = 4; lastKnownFileType = file.xib; path = ColorCollectionViewCell.xib; sourceTree = "<group>"; };
		4656711823E064D50045C64F /* EmojiCollectionViewCell.xib */ = {isa = PBXFileReference; fileEncoding = 4; lastKnownFileType = file.xib; path = EmojiCollectionViewCell.xib; sourceTree = "<group>"; };
		4656711A23E064EA0045C64F /* PhotoEditorViewController.xib */ = {isa = PBXFileReference; fileEncoding = 4; lastKnownFileType = file.xib; path = PhotoEditorViewController.xib; sourceTree = "<group>"; };
		4656711C23E064F40045C64F /* StickerCollectionViewCell.xib */ = {isa = PBXFileReference; fileEncoding = 4; lastKnownFileType = file.xib; path = StickerCollectionViewCell.xib; sourceTree = "<group>"; };
		4656711E23E064F80045C64F /* StickersViewController.xib */ = {isa = PBXFileReference; fileEncoding = 4; lastKnownFileType = file.xib; path = StickersViewController.xib; sourceTree = "<group>"; };
		4656712023E06A560045C64F /* GradientView.swift */ = {isa = PBXFileReference; fileEncoding = 4; lastKnownFileType = sourcecode.swift; path = GradientView.swift; sourceTree = "<group>"; };
		4656712223E06A670045C64F /* PhotoCropEditorBorder@2x.png */ = {isa = PBXFileReference; lastKnownFileType = image.png; path = "PhotoCropEditorBorder@2x.png"; sourceTree = "<group>"; };
		4656712323E06A670045C64F /* PhotoCropEditorBorder@3x.png */ = {isa = PBXFileReference; lastKnownFileType = image.png; path = "PhotoCropEditorBorder@3x.png"; sourceTree = "<group>"; };
		4656712423E06A670045C64F /* PhotoCropEditorBorder.png */ = {isa = PBXFileReference; lastKnownFileType = image.png; path = PhotoCropEditorBorder.png; sourceTree = "<group>"; };
		AD5BDC191CEAE40100EE519F /* RNPhotoEditor.framework */ = {isa = PBXFileReference; explicitFileType = wrapper.framework; includeInIndex = 0; path = RNPhotoEditor.framework; sourceTree = BUILT_PRODUCTS_DIR; };
		AD5BDC1C1CEAE40100EE519F /* RNPhotoEditor.h */ = {isa = PBXFileReference; lastKnownFileType = sourcecode.c.h; path = RNPhotoEditor.h; sourceTree = "<group>"; };
/* End PBXFileReference section */

/* Begin PBXFrameworksBuildPhase section */
		AD5BDC151CEAE40100EE519F /* Frameworks */ = {
			isa = PBXFrameworksBuildPhase;
			buildActionMask = 2147483647;
			files = (
			);
			runOnlyForDeploymentPostprocessing = 0;
		};
/* End PBXFrameworksBuildPhase section */

/* Begin PBXGroup section */
		465670DD23E055060045C64F /* iOSPhotoEditor */ = {
			isa = PBXGroup;
			children = (
				465670E823E055260045C64F /* ColorCollectionViewCell.swift */,
				4656711623E064CC0045C64F /* ColorCollectionViewCell.xib */,
				465670E423E055260045C64F /* ColorsCollectionViewDelegate.swift */,
				465670DE23E055260045C64F /* CropRectView.swift */,
				465670DF23E055260045C64F /* CropView.swift */,
				465670E723E055260045C64F /* CropViewController.swift */,
				4656711123E0589E0045C64F /* EmojiCollectionViewCell.swift */,
				4656711823E064D50045C64F /* EmojiCollectionViewCell.xib */,
				4656711023E0589E0045C64F /* EmojisCollectionViewDelegate.swift */,
				4656712023E06A560045C64F /* GradientView.swift */,
				4656711423E061C30045C64F /* icomoon.ttf */,
				4656712423E06A670045C64F /* PhotoCropEditorBorder.png */,
				4656712223E06A670045C64F /* PhotoCropEditorBorder@2x.png */,
				4656712323E06A670045C64F /* PhotoCropEditorBorder@3x.png */,
				4656710223E058880045C64F /* PhotoEditor+Controls.swift */,
				4656710623E058890045C64F /* PhotoEditor+Crop.swift */,
				4656710123E058880045C64F /* PhotoEditor+Drawing.swift */,
				4656710523E058890045C64F /* PhotoEditor+Font.swift */,
				4656710723E058890045C64F /* PhotoEditor+Gestures.swift */,
				4656710323E058880045C64F /* PhotoEditor+Keyboard.swift */,
				4656710023E058880045C64F /* PhotoEditor+StickersViewController.swift */,
				4656710423E058890045C64F /* PhotoEditor+UITextView.swift */,
				465670FA23E058430045C64F /* PhotoEditorViewController.swift */,
				4656711A23E064EA0045C64F /* PhotoEditorViewController.xib */,
				465670E023E055260045C64F /* Protocols.swift */,
				465670E523E055260045C64F /* ResizeControl.swift */,
				465670FC23E058570045C64F /* StickerCollectionViewCell.swift */,
				4656711C23E064F40045C64F /* StickerCollectionViewCell.xib */,
				465670FE23E0586E0045C64F /* StickersViewController.swift */,
				4656711E23E064F80045C64F /* StickersViewController.xib */,
				465670E223E055260045C64F /* UIImage+Crop.swift */,
				465670E623E055260045C64F /* UIImage+Size.swift */,
				465670E123E055260045C64F /* UIImageView+Alpha.swift */,
				465670E323E055260045C64F /* UIView+Image.swift */,
			);
			path = iOSPhotoEditor;
			sourceTree = "<group>";
		};
		AD5BDC0F1CEAE40100EE519F = {
			isa = PBXGroup;
			children = (
				465670C423DF9A1F0045C64F /* RNPhotoEditor.podspec */,
				AD5BDC1B1CEAE40100EE519F /* RNPhotoEditor */,
				AD5BDC1A1CEAE40100EE519F /* Products */,
			);
			sourceTree = "<group>";
		};
		AD5BDC1A1CEAE40100EE519F /* Products */ = {
			isa = PBXGroup;
			children = (
				AD5BDC191CEAE40100EE519F /* RNPhotoEditor.framework */,
			);
			name = Products;
			sourceTree = "<group>";
		};
		AD5BDC1B1CEAE40100EE519F /* RNPhotoEditor */ = {
			isa = PBXGroup;
			children = (
				465670DD23E055060045C64F /* iOSPhotoEditor */,
				AD5BDC1C1CEAE40100EE519F /* RNPhotoEditor.h */,
				465670F823E056970045C64F /* RNPhotoEditor.m */,
			);
			path = RNPhotoEditor;
			sourceTree = "<group>";
		};
/* End PBXGroup section */

/* Begin PBXHeadersBuildPhase section */
		AD5BDC161CEAE40100EE519F /* Headers */ = {
			isa = PBXHeadersBuildPhase;
			buildActionMask = 2147483647;
			files = (
				AD5BDC1D1CEAE40100EE519F /* RNPhotoEditor.h in Headers */,
			);
			runOnlyForDeploymentPostprocessing = 0;
		};
/* End PBXHeadersBuildPhase section */

/* Begin PBXNativeTarget section */
		AD5BDC181CEAE40100EE519F /* RNPhotoEditor */ = {
			isa = PBXNativeTarget;
			buildConfigurationList = AD5BDC211CEAE40100EE519F /* Build configuration list for PBXNativeTarget "RNPhotoEditor" */;
			buildPhases = (
				AD5BDC141CEAE40100EE519F /* Sources */,
				AD5BDC151CEAE40100EE519F /* Frameworks */,
				AD5BDC161CEAE40100EE519F /* Headers */,
				AD5BDC171CEAE40100EE519F /* Resources */,
			);
			buildRules = (
			);
			dependencies = (
			);
			name = RNPhotoEditor;
			productName = RNPhotoEditor;
			productReference = AD5BDC191CEAE40100EE519F /* RNPhotoEditor.framework */;
			productType = "com.apple.product-type.framework";
		};
/* End PBXNativeTarget section */

/* Begin PBXProject section */
		AD5BDC101CEAE40100EE519F /* Project object */ = {
			isa = PBXProject;
			attributes = {
				LastUpgradeCheck = 0730;
				ORGANIZATIONNAME = axl411;
				TargetAttributes = {
					AD5BDC181CEAE40100EE519F = {
						CreatedOnToolsVersion = 7.3.1;
					};
				};
			};
			buildConfigurationList = AD5BDC131CEAE40100EE519F /* Build configuration list for PBXProject "RNPhotoEditor" */;
			compatibilityVersion = "Xcode 3.2";
			developmentRegion = English;
			hasScannedForEncodings = 0;
			knownRegions = (
				English,
				en,
			);
			mainGroup = AD5BDC0F1CEAE40100EE519F;
			productRefGroup = AD5BDC1A1CEAE40100EE519F /* Products */;
			projectDirPath = "";
			projectRoot = "";
			targets = (
				AD5BDC181CEAE40100EE519F /* RNPhotoEditor */,
			);
		};
/* End PBXProject section */

/* Begin PBXResourcesBuildPhase section */
		AD5BDC171CEAE40100EE519F /* Resources */ = {
			isa = PBXResourcesBuildPhase;
			buildActionMask = 2147483647;
			files = (
				4656711B23E064EA0045C64F /* PhotoEditorViewController.xib in Resources */,
				4656712723E06A670045C64F /* PhotoCropEditorBorder.png in Resources */,
				465670C523DF9A1F0045C64F /* RNPhotoEditor.podspec in Resources */,
				4656711723E064CC0045C64F /* ColorCollectionViewCell.xib in Resources */,
				4656712623E06A670045C64F /* PhotoCropEditorBorder@3x.png in Resources */,
				4656711523E061C30045C64F /* icomoon.ttf in Resources */,
				4656712523E06A670045C64F /* PhotoCropEditorBorder@2x.png in Resources */,
				4656711F23E064F80045C64F /* StickersViewController.xib in Resources */,
				4656711D23E064F40045C64F /* StickerCollectionViewCell.xib in Resources */,
				4656711923E064D50045C64F /* EmojiCollectionViewCell.xib in Resources */,
			);
			runOnlyForDeploymentPostprocessing = 0;
		};
/* End PBXResourcesBuildPhase section */

/* Begin PBXSourcesBuildPhase section */
		AD5BDC141CEAE40100EE519F /* Sources */ = {
			isa = PBXSourcesBuildPhase;
			buildActionMask = 2147483647;
			files = (
				4656710F23E058890045C64F /* PhotoEditor+Gestures.swift in Sources */,
				465670EB23E055260045C64F /* Protocols.swift in Sources */,
				465670F323E055260045C64F /* ColorCollectionViewCell.swift in Sources */,
				4656710923E058890045C64F /* PhotoEditor+Drawing.swift in Sources */,
				4656710823E058890045C64F /* PhotoEditor+StickersViewController.swift in Sources */,
				465670EA23E055260045C64F /* CropView.swift in Sources */,
				4656710A23E058890045C64F /* PhotoEditor+Controls.swift in Sources */,
				465670F223E055260045C64F /* CropViewController.swift in Sources */,
				465670E923E055260045C64F /* CropRectView.swift in Sources */,
				465670ED23E055260045C64F /* UIImage+Crop.swift in Sources */,
				4656710E23E058890045C64F /* PhotoEditor+Crop.swift in Sources */,
				465670FF23E0586E0045C64F /* StickersViewController.swift in Sources */,
				4656711223E0589E0045C64F /* EmojisCollectionViewDelegate.swift in Sources */,
				465670FD23E058570045C64F /* StickerCollectionViewCell.swift in Sources */,
				465670F123E055260045C64F /* UIImage+Size.swift in Sources */,
				465670F923E056970045C64F /* RNPhotoEditor.m in Sources */,
				4656710B23E058890045C64F /* PhotoEditor+Keyboard.swift in Sources */,
				465670EE23E055260045C64F /* UIView+Image.swift in Sources */,
				4656712123E06A560045C64F /* GradientView.swift in Sources */,
				4656710D23E058890045C64F /* PhotoEditor+Font.swift in Sources */,
				465670F023E055260045C64F /* ResizeControl.swift in Sources */,
				465670EC23E055260045C64F /* UIImageView+Alpha.swift in Sources */,
				4656710C23E058890045C64F /* PhotoEditor+UITextView.swift in Sources */,
				465670EF23E055260045C64F /* ColorsCollectionViewDelegate.swift in Sources */,
				4656711323E0589E0045C64F /* EmojiCollectionViewCell.swift in Sources */,
				465670FB23E058430045C64F /* PhotoEditorViewController.swift in Sources */,
			);
			runOnlyForDeploymentPostprocessing = 0;
		};
/* End PBXSourcesBuildPhase section */

/* Begin XCBuildConfiguration section */
		AD5BDC1F1CEAE40100EE519F /* Debug */ = {
			isa = XCBuildConfiguration;
			buildSettings = {
				ALWAYS_SEARCH_USER_PATHS = NO;
				CLANG_ANALYZER_NONNULL = YES;
				CLANG_CXX_LANGUAGE_STANDARD = "gnu++0x";
				CLANG_CXX_LIBRARY = "libc++";
				CLANG_ENABLE_MODULES = YES;
				CLANG_ENABLE_OBJC_ARC = YES;
				CLANG_WARN_BOOL_CONVERSION = YES;
				CLANG_WARN_CONSTANT_CONVERSION = YES;
				CLANG_WARN_DIRECT_OBJC_ISA_USAGE = YES_ERROR;
				CLANG_WARN_EMPTY_BODY = YES;
				CLANG_WARN_ENUM_CONVERSION = YES;
				CLANG_WARN_INT_CONVERSION = YES;
				CLANG_WARN_OBJC_ROOT_CLASS = YES_ERROR;
				CLANG_WARN_UNREACHABLE_CODE = YES;
				CLANG_WARN__DUPLICATE_METHOD_MATCH = YES;
				"CODE_SIGN_IDENTITY[sdk=iphoneos*]" = "iPhone Developer";
				COPY_PHASE_STRIP = NO;
				CURRENT_PROJECT_VERSION = 1;
				DEBUG_INFORMATION_FORMAT = dwarf;
				ENABLE_STRICT_OBJC_MSGSEND = YES;
				ENABLE_TESTABILITY = YES;
				GCC_C_LANGUAGE_STANDARD = gnu99;
				GCC_DYNAMIC_NO_PIC = NO;
				GCC_NO_COMMON_BLOCKS = YES;
				GCC_OPTIMIZATION_LEVEL = 0;
				GCC_PREPROCESSOR_DEFINITIONS = (
					"DEBUG=1",
					"$(inherited)",
				);
				GCC_WARN_64_TO_32_BIT_CONVERSION = YES;
				GCC_WARN_ABOUT_RETURN_TYPE = YES_ERROR;
				GCC_WARN_UNDECLARED_SELECTOR = YES;
				GCC_WARN_UNINITIALIZED_AUTOS = YES_AGGRESSIVE;
				GCC_WARN_UNUSED_FUNCTION = YES;
				GCC_WARN_UNUSED_VARIABLE = YES;
				IPHONEOS_DEPLOYMENT_TARGET = 9.3;
				MTL_ENABLE_DEBUG_INFO = YES;
				ONLY_ACTIVE_ARCH = YES;
				SDKROOT = iphoneos;
				SWIFT_VERSION = 5.0;
				TARGETED_DEVICE_FAMILY = "1,2";
				VERSIONING_SYSTEM = "apple-generic";
				VERSION_INFO_PREFIX = "";
			};
			name = Debug;
		};
		AD5BDC201CEAE40100EE519F /* Release */ = {
			isa = XCBuildConfiguration;
			buildSettings = {
				ALWAYS_SEARCH_USER_PATHS = NO;
				CLANG_ANALYZER_NONNULL = YES;
				CLANG_CXX_LANGUAGE_STANDARD = "gnu++0x";
				CLANG_CXX_LIBRARY = "libc++";
				CLANG_ENABLE_MODULES = YES;
				CLANG_ENABLE_OBJC_ARC = YES;
				CLANG_WARN_BOOL_CONVERSION = YES;
				CLANG_WARN_CONSTANT_CONVERSION = YES;
				CLANG_WARN_DIRECT_OBJC_ISA_USAGE = YES_ERROR;
				CLANG_WARN_EMPTY_BODY = YES;
				CLANG_WARN_ENUM_CONVERSION = YES;
				CLANG_WARN_INT_CONVERSION = YES;
				CLANG_WARN_OBJC_ROOT_CLASS = YES_ERROR;
				CLANG_WARN_UNREACHABLE_CODE = YES;
				CLANG_WARN__DUPLICATE_METHOD_MATCH = YES;
				"CODE_SIGN_IDENTITY[sdk=iphoneos*]" = "iPhone Developer";
				COPY_PHASE_STRIP = NO;
				CURRENT_PROJECT_VERSION = 1;
				DEBUG_INFORMATION_FORMAT = "dwarf-with-dsym";
				ENABLE_NS_ASSERTIONS = NO;
				ENABLE_STRICT_OBJC_MSGSEND = YES;
				GCC_C_LANGUAGE_STANDARD = gnu99;
				GCC_NO_COMMON_BLOCKS = YES;
				GCC_WARN_64_TO_32_BIT_CONVERSION = YES;
				GCC_WARN_ABOUT_RETURN_TYPE = YES_ERROR;
				GCC_WARN_UNDECLARED_SELECTOR = YES;
				GCC_WARN_UNINITIALIZED_AUTOS = YES_AGGRESSIVE;
				GCC_WARN_UNUSED_FUNCTION = YES;
				GCC_WARN_UNUSED_VARIABLE = YES;
				IPHONEOS_DEPLOYMENT_TARGET = 9.3;
				MTL_ENABLE_DEBUG_INFO = NO;
				SDKROOT = iphoneos;
				SWIFT_VERSION = 5.0;
				TARGETED_DEVICE_FAMILY = "1,2";
				VALIDATE_PRODUCT = YES;
				VERSIONING_SYSTEM = "apple-generic";
				VERSION_INFO_PREFIX = "";
			};
			name = Release;
		};
		AD5BDC221CEAE40100EE519F /* Debug */ = {
			isa = XCBuildConfiguration;
			buildSettings = {
				CLANG_ENABLE_MODULES = YES;
				DEFINES_MODULE = YES;
				DYLIB_COMPATIBILITY_VERSION = 1;
				DYLIB_CURRENT_VERSION = 1;
				DYLIB_INSTALL_NAME_BASE = "@rpath";
				INFOPLIST_FILE = RNPhotoEditor/Info.plist;
				INSTALL_PATH = "$(LOCAL_LIBRARY_DIR)/Frameworks";
				LD_RUNPATH_SEARCH_PATHS = "$(inherited) @executable_path/Frameworks @loader_path/Frameworks";
				PRODUCT_BUNDLE_IDENTIFIER = no.catenda.RNPhotoEditor;
				PRODUCT_NAME = RNPhotoEditor;
				SKIP_INSTALL = YES;
				SWIFT_OPTIMIZATION_LEVEL = "-Onone";
			};
			name = Debug;
		};
		AD5BDC231CEAE40100EE519F /* Release */ = {
			isa = XCBuildConfiguration;
			buildSettings = {
				CLANG_ENABLE_MODULES = YES;
				DEFINES_MODULE = YES;
				DYLIB_COMPATIBILITY_VERSION = 1;
				DYLIB_CURRENT_VERSION = 1;
				DYLIB_INSTALL_NAME_BASE = "@rpath";
				INFOPLIST_FILE = RNPhotoEditor/Info.plist;
				INSTALL_PATH = "$(LOCAL_LIBRARY_DIR)/Frameworks";
				LD_RUNPATH_SEARCH_PATHS = "$(inherited) @executable_path/Frameworks @loader_path/Frameworks";
				PRODUCT_BUNDLE_IDENTIFIER = no.catenda.RNPhotoEditor;
				PRODUCT_NAME = RNPhotoEditor;
				SKIP_INSTALL = YES;
			};
			name = Release;
		};
/* End XCBuildConfiguration section */

/* Begin XCConfigurationList section */
		AD5BDC131CEAE40100EE519F /* Build configuration list for PBXProject "RNPhotoEditor" */ = {
			isa = XCConfigurationList;
			buildConfigurations = (
				AD5BDC1F1CEAE40100EE519F /* Debug */,
				AD5BDC201CEAE40100EE519F /* Release */,
			);
			defaultConfigurationIsVisible = 0;
			defaultConfigurationName = Release;
		};
		AD5BDC211CEAE40100EE519F /* Build configuration list for PBXNativeTarget "RNPhotoEditor" */ = {
			isa = XCConfigurationList;
			buildConfigurations = (
				AD5BDC221CEAE40100EE519F /* Debug */,
				AD5BDC231CEAE40100EE519F /* Release */,
			);
			defaultConfigurationIsVisible = 0;
			defaultConfigurationName = Release;
		};
/* End XCConfigurationList section */
	};
	rootObject = AD5BDC101CEAE40100EE519F /* Project object */;
}
